
Microsoft Visual Studio Solution File, Format Version 12.00
# Visual Studio 15
VisualStudioVersion = 15.0.27130.2020
MinimumVisualStudioVersion = 10.0.40219.1
Project("{F184B08F-C81C-45F6-A57F-5ABD9991F28F}") = "Proc_Fact_CP_Factoraje", "Proc_Fact_CP_Factoraje\Proc_Fact_CP_Factoraje.vbproj", "{4EA33AF7-826B-4A30-937F-CF10BD6456F4}"
EndProject
Global
	GlobalSection(SolutionConfigurationPlatforms) = preSolution
		Debug|Any CPU = Debug|Any CPU
		Release|Any CPU = Release|Any CPU
	EndGlobalSection
	GlobalSection(ProjectConfigurationPlatforms) = postSolution
		{4EA33AF7-826B-4A30-937F-CF10BD6456F4}.Debug|Any CPU.ActiveCfg = Debug|Any CPU
		{4EA33AF7-826B-4A30-937F-CF10BD6456F4}.Debug|Any CPU.Build.0 = Debug|Any CPU
		{4EA33AF7-826B-4A30-937F-CF10BD6456F4}.Release|Any CPU.ActiveCfg = Release|Any CPU
		{4EA33AF7-826B-4A30-937F-CF10BD6456F4}.Release|Any CPU.Build.0 = Release|Any CPU
	EndGlobalSection
	GlobalSection(SolutionProperties) = preSolution
		HideSolutionNode = FALSE
	EndGlobalSection
	GlobalSection(ExtensibilityGlobals) = postSolution
		SolutionGuid = {7ED2360F-3657-44E1-B280-945DC502D0DD}
	EndGlobalSection
EndGlobal
